// !$*UTF8*$!
{
	archiveVersion = 1;
	classes = {
	};
	objectVersion = 50;
	objects = {

/* Begin PBXBuildFile section */
		2940A9352282E6BF00498C3B /* SCLayoutKit.framework in Frameworks */ = {isa = PBXBuildFile; fileRef = 2940A92B2282E6BF00498C3B /* SCLayoutKit.framework */; };
		2940A93A2282E6BF00498C3B /* SCLayoutKitTests.swift in Sources */ = {isa = PBXBuildFile; fileRef = 2940A9392282E6BF00498C3B /* SCLayoutKitTests.swift */; };
		2940A93C2282E6BF00498C3B /* SCLayoutKit.h in Headers */ = {isa = PBXBuildFile; fileRef = 2940A92E2282E6BF00498C3B /* SCLayoutKit.h */; settings = {ATTRIBUTES = (Public, ); }; };
		2940A9472282E75500498C3B /* UIView+Layout.swift in Sources */ = {isa = PBXBuildFile; fileRef = 2940A9462282E75500498C3B /* UIView+Layout.swift */; };
/* End PBXBuildFile section */

/* Begin PBXContainerItemProxy section */
		2940A9362282E6BF00498C3B /* PBXContainerItemProxy */ = {
			isa = PBXContainerItemProxy;
			containerPortal = 2940A9222282E6BF00498C3B /* Project object */;
			proxyType = 1;
			remoteGlobalIDString = 2940A92A2282E6BF00498C3B;
			remoteInfo = SCLayoutKit;
		};
/* End PBXContainerItemProxy section */

/* Begin PBXFileReference section */
		2940A92B2282E6BF00498C3B /* SCLayoutKit.framework */ = {isa = PBXFileReference; explicitFileType = wrapper.framework; includeInIndex = 0; path = SCLayoutKit.framework; sourceTree = BUILT_PRODUCTS_DIR; };
		2940A92E2282E6BF00498C3B /* SCLayoutKit.h */ = {isa = PBXFileReference; lastKnownFileType = sourcecode.c.h; path = SCLayoutKit.h; sourceTree = "<group>"; };
		2940A92F2282E6BF00498C3B /* Info.plist */ = {isa = PBXFileReference; lastKnownFileType = text.plist.xml; path = Info.plist; sourceTree = "<group>"; };
		2940A9342282E6BF00498C3B /* SCLayoutKitTests.xctest */ = {isa = PBXFileReference; explicitFileType = wrapper.cfbundle; includeInIndex = 0; path = SCLayoutKitTests.xctest; sourceTree = BUILT_PRODUCTS_DIR; };
		2940A9392282E6BF00498C3B /* SCLayoutKitTests.swift */ = {isa = PBXFileReference; lastKnownFileType = sourcecode.swift; path = SCLayoutKitTests.swift; sourceTree = "<group>"; };
		2940A93B2282E6BF00498C3B /* Info.plist */ = {isa = PBXFileReference; lastKnownFileType = text.plist.xml; path = Info.plist; sourceTree = "<group>"; };
		2940A9462282E75500498C3B /* UIView+Layout.swift */ = {isa = PBXFileReference; lastKnownFileType = sourcecode.swift; path = "UIView+Layout.swift"; sourceTree = "<group>"; };
/* End PBXFileReference section */

/* Begin PBXFrameworksBuildPhase section */
		2940A9282282E6BF00498C3B /* Frameworks */ = {
			isa = PBXFrameworksBuildPhase;
			buildActionMask = 2147483647;
			files = (
			);
			runOnlyForDeploymentPostprocessing = 0;
		};
		2940A9312282E6BF00498C3B /* Frameworks */ = {
			isa = PBXFrameworksBuildPhase;
			buildActionMask = 2147483647;
			files = (
				2940A9352282E6BF00498C3B /* SCLayoutKit.framework in Frameworks */,
			);
			runOnlyForDeploymentPostprocessing = 0;
		};
/* End PBXFrameworksBuildPhase section */

/* Begin PBXGroup section */
		2940A9212282E6BF00498C3B = {
			isa = PBXGroup;
			children = (
				2940A92D2282E6BF00498C3B /* SCLayoutKit */,
				2940A9382282E6BF00498C3B /* SCLayoutKitTests */,
				2940A92C2282E6BF00498C3B /* Products */,
			);
			sourceTree = "<group>";
		};
		2940A92C2282E6BF00498C3B /* Products */ = {
			isa = PBXGroup;
			children = (
				2940A92B2282E6BF00498C3B /* SCLayoutKit.framework */,
				2940A9342282E6BF00498C3B /* SCLayoutKitTests.xctest */,
			);
			name = Products;
			sourceTree = "<group>";
		};
		2940A92D2282E6BF00498C3B /* SCLayoutKit */ = {
			isa = PBXGroup;
			children = (
				2940A9452282E74500498C3B /* Sources */,
				2940A92E2282E6BF00498C3B /* SCLayoutKit.h */,
				2940A92F2282E6BF00498C3B /* Info.plist */,
			);
			path = SCLayoutKit;
			sourceTree = "<group>";
		};
		2940A9382282E6BF00498C3B /* SCLayoutKitTests */ = {
			isa = PBXGroup;
			children = (
				2940A9392282E6BF00498C3B /* SCLayoutKitTests.swift */,
				2940A93B2282E6BF00498C3B /* Info.plist */,
			);
			path = SCLayoutKitTests;
			sourceTree = "<group>";
		};
		2940A9452282E74500498C3B /* Sources */ = {
			isa = PBXGroup;
			children = (
				2940A9462282E75500498C3B /* UIView+Layout.swift */,
			);
			path = Sources;
			sourceTree = "<group>";
		};
/* End PBXGroup section */

/* Begin PBXHeadersBuildPhase section */
		2940A9262282E6BF00498C3B /* Headers */ = {
			isa = PBXHeadersBuildPhase;
			buildActionMask = 2147483647;
			files = (
				2940A93C2282E6BF00498C3B /* SCLayoutKit.h in Headers */,
			);
			runOnlyForDeploymentPostprocessing = 0;
		};
/* End PBXHeadersBuildPhase section */

/* Begin PBXNativeTarget section */
		2940A92A2282E6BF00498C3B /* SCLayoutKit */ = {
			isa = PBXNativeTarget;
			buildConfigurationList = 2940A93F2282E6BF00498C3B /* Build configuration list for PBXNativeTarget "SCLayoutKit" */;
			buildPhases = (
				2940A9262282E6BF00498C3B /* Headers */,
				2940A9272282E6BF00498C3B /* Sources */,
				2940A9282282E6BF00498C3B /* Frameworks */,
				2940A9292282E6BF00498C3B /* Resources */,
			);
			buildRules = (
			);
			dependencies = (
			);
			name = SCLayoutKit;
			productName = SCLayoutKit;
			productReference = 2940A92B2282E6BF00498C3B /* SCLayoutKit.framework */;
			productType = "com.apple.product-type.framework";
		};
		2940A9332282E6BF00498C3B /* SCLayoutKitTests */ = {
			isa = PBXNativeTarget;
			buildConfigurationList = 2940A9422282E6BF00498C3B /* Build configuration list for PBXNativeTarget "SCLayoutKitTests" */;
			buildPhases = (
				2940A9302282E6BF00498C3B /* Sources */,
				2940A9312282E6BF00498C3B /* Frameworks */,
				2940A9322282E6BF00498C3B /* Resources */,
			);
			buildRules = (
			);
			dependencies = (
				2940A9372282E6BF00498C3B /* PBXTargetDependency */,
			);
			name = SCLayoutKitTests;
			productName = SCLayoutKitTests;
			productReference = 2940A9342282E6BF00498C3B /* SCLayoutKitTests.xctest */;
			productType = "com.apple.product-type.bundle.unit-test";
		};
/* End PBXNativeTarget section */

/* Begin PBXProject section */
		2940A9222282E6BF00498C3B /* Project object */ = {
			isa = PBXProject;
			attributes = {
				LastSwiftUpdateCheck = 1020;
				LastUpgradeCheck = 1020;
				ORGANIZATIONNAME = "Scott Moon";
				TargetAttributes = {
					2940A92A2282E6BF00498C3B = {
						CreatedOnToolsVersion = 10.2.1;
						LastSwiftMigration = 1020;
					};
					2940A9332282E6BF00498C3B = {
						CreatedOnToolsVersion = 10.2.1;
					};
				};
			};
			buildConfigurationList = 2940A9252282E6BF00498C3B /* Build configuration list for PBXProject "SCLayoutKit" */;
			compatibilityVersion = "Xcode 9.3";
			developmentRegion = en;
			hasScannedForEncodings = 0;
			knownRegions = (
				en,
			);
			mainGroup = 2940A9212282E6BF00498C3B;
			productRefGroup = 2940A92C2282E6BF00498C3B /* Products */;
			projectDirPath = "";
			projectRoot = "";
			targets = (
				2940A92A2282E6BF00498C3B /* SCLayoutKit */,
				2940A9332282E6BF00498C3B /* SCLayoutKitTests */,
			);
		};
/* End PBXProject section */

/* Begin PBXResourcesBuildPhase section */
		2940A9292282E6BF00498C3B /* Resources */ = {
			isa = PBXResourcesBuildPhase;
			buildActionMask = 2147483647;
			files = (
			);
			runOnlyForDeploymentPostprocessing = 0;
		};
		2940A9322282E6BF00498C3B /* Resources */ = {
			isa = PBXResourcesBuildPhase;
			buildActionMask = 2147483647;
			files = (
			);
			runOnlyForDeploymentPostprocessing = 0;
		};
/* End PBXResourcesBuildPhase section */

/* Begin PBXSourcesBuildPhase section */
		2940A9272282E6BF00498C3B /* Sources */ = {
			isa = PBXSourcesBuildPhase;
			buildActionMask = 2147483647;
			files = (
				2940A9472282E75500498C3B /* UIView+Layout.swift in Sources */,
			);
			runOnlyForDeploymentPostprocessing = 0;
		};
		2940A9302282E6BF00498C3B /* Sources */ = {
			isa = PBXSourcesBuildPhase;
			buildActionMask = 2147483647;
			files = (
				2940A93A2282E6BF00498C3B /* SCLayoutKitTests.swift in Sources */,
			);
			runOnlyForDeploymentPostprocessing = 0;
		};
/* End PBXSourcesBuildPhase section */

/* Begin PBXTargetDependency section */
		2940A9372282E6BF00498C3B /* PBXTargetDependency */ = {
			isa = PBXTargetDependency;
			target = 2940A92A2282E6BF00498C3B /* SCLayoutKit */;
			targetProxy = 2940A9362282E6BF00498C3B /* PBXContainerItemProxy */;
		};
/* End PBXTargetDependency section */

/* Begin XCBuildConfiguration section */
		2940A93D2282E6BF00498C3B /* Debug */ = {
			isa = XCBuildConfiguration;
			buildSettings = {
				ALWAYS_SEARCH_USER_PATHS = NO;
				CLANG_ANALYZER_NONNULL = YES;
				CLANG_ANALYZER_NUMBER_OBJECT_CONVERSION = YES_AGGRESSIVE;
				CLANG_CXX_LANGUAGE_STANDARD = "gnu++14";
				CLANG_CXX_LIBRARY = "libc++";
				CLANG_ENABLE_MODULES = YES;
				CLANG_ENABLE_OBJC_ARC = YES;
				CLANG_ENABLE_OBJC_WEAK = YES;
				CLANG_WARN_BLOCK_CAPTURE_AUTORELEASING = YES;
				CLANG_WARN_BOOL_CONVERSION = YES;
				CLANG_WARN_COMMA = YES;
				CLANG_WARN_CONSTANT_CONVERSION = YES;
				CLANG_WARN_DEPRECATED_OBJC_IMPLEMENTATIONS = YES;
				CLANG_WARN_DIRECT_OBJC_ISA_USAGE = YES_ERROR;
				CLANG_WARN_DOCUMENTATION_COMMENTS = YES;
				CLANG_WARN_EMPTY_BODY = YES;
				CLANG_WARN_ENUM_CONVERSION = YES;
				CLANG_WARN_INFINITE_RECURSION = YES;
				CLANG_WARN_INT_CONVERSION = YES;
				CLANG_WARN_NON_LITERAL_NULL_CONVERSION = YES;
				CLANG_WARN_OBJC_IMPLICIT_RETAIN_SELF = YES;
				CLANG_WARN_OBJC_LITERAL_CONVERSION = YES;
				CLANG_WARN_OBJC_ROOT_CLASS = YES_ERROR;
				CLANG_WARN_RANGE_LOOP_ANALYSIS = YES;
				CLANG_WARN_STRICT_PROTOTYPES = YES;
				CLANG_WARN_SUSPICIOUS_MOVE = YES;
				CLANG_WARN_UNGUARDED_AVAILABILITY = YES_AGGRESSIVE;
				CLANG_WARN_UNREACHABLE_CODE = YES;
				CLANG_WARN__DUPLICATE_METHOD_MATCH = YES;
				CODE_SIGN_IDENTITY = "iPhone Developer";
				COPY_PHASE_STRIP = NO;
				CURRENT_PROJECT_VERSION = 1;
				DEBUG_INFORMATION_FORMAT = dwarf;
				ENABLE_STRICT_OBJC_MSGSEND = YES;
				ENABLE_TESTABILITY = YES;
				GCC_C_LANGUAGE_STANDARD = gnu11;
				GCC_DYNAMIC_NO_PIC = NO;
				GCC_NO_COMMON_BLOCKS = YES;
				GCC_OPTIMIZATION_LEVEL = 0;
				GCC_PREPROCESSOR_DEFINITIONS = (
					"DEBUG=1",
					"$(inherited)",
				);
				GCC_WARN_64_TO_32_BIT_CONVERSION = YES;
				GCC_WARN_ABOUT_RETURN_TYPE = YES_ERROR;
				GCC_WARN_UNDECLARED_SELECTOR = YES;
				GCC_WARN_UNINITIALIZED_AUTOS = YES_AGGRESSIVE;
				GCC_WARN_UNUSED_FUNCTION = YES;
				GCC_WARN_UNUSED_VARIABLE = YES;
				IPHONEOS_DEPLOYMENT_TARGET = 12.2;
				MTL_ENABLE_DEBUG_INFO = INCLUDE_SOURCE;
				MTL_FAST_MATH = YES;
				ONLY_ACTIVE_ARCH = YES;
				SDKROOT = iphoneos;
				SWIFT_ACTIVE_COMPILATION_CONDITIONS = DEBUG;
				SWIFT_OPTIMIZATION_LEVEL = "-Onone";
				VERSIONING_SYSTEM = "apple-generic";
				VERSION_INFO_PREFIX = "";
			};
			name = Debug;
		};
		2940A93E2282E6BF00498C3B /* Release */ = {
			isa = XCBuildConfiguration;
			buildSettings = {
				ALWAYS_SEARCH_USER_PATHS = NO;
				CLANG_ANALYZER_NONNULL = YES;
				CLANG_ANALYZER_NUMBER_OBJECT_CONVERSION = YES_AGGRESSIVE;
				CLANG_CXX_LANGUAGE_STANDARD = "gnu++14";
				CLANG_CXX_LIBRARY = "libc++";
				CLANG_ENABLE_MODULES = YES;
				CLANG_ENABLE_OBJC_ARC = YES;
				CLANG_ENABLE_OBJC_WEAK = YES;
				CLANG_WARN_BLOCK_CAPTURE_AUTORELEASING = YES;
				CLANG_WARN_BOOL_CONVERSION = YES;
				CLANG_WARN_COMMA = YES;
				CLANG_WARN_CONSTANT_CONVERSION = YES;
				CLANG_WARN_DEPRECATED_OBJC_IMPLEMENTATIONS = YES;
				CLANG_WARN_DIRECT_OBJC_ISA_USAGE = YES_ERROR;
				CLANG_WARN_DOCUMENTATION_COMMENTS = YES;
				CLANG_WARN_EMPTY_BODY = YES;
				CLANG_WARN_ENUM_CONVERSION = YES;
				CLANG_WARN_INFINITE_RECURSION = YES;
				CLANG_WARN_INT_CONVERSION = YES;
				CLANG_WARN_NON_LITERAL_NULL_CONVERSION = YES;
				CLANG_WARN_OBJC_IMPLICIT_RETAIN_SELF = YES;
				CLANG_WARN_OBJC_LITERAL_CONVERSION = YES;
				CLANG_WARN_OBJC_ROOT_CLASS = YES_ERROR;
				CLANG_WARN_RANGE_LOOP_ANALYSIS = YES;
				CLANG_WARN_STRICT_PROTOTYPES = YES;
				CLANG_WARN_SUSPICIOUS_MOVE = YES;
				CLANG_WARN_UNGUARDED_AVAILABILITY = YES_AGGRESSIVE;
				CLANG_WARN_UNREACHABLE_CODE = YES;
				CLANG_WARN__DUPLICATE_METHOD_MATCH = YES;
				CODE_SIGN_IDENTITY = "iPhone Developer";
				COPY_PHASE_STRIP = NO;
				CURRENT_PROJECT_VERSION = 1;
				DEBUG_INFORMATION_FORMAT = "dwarf-with-dsym";
				ENABLE_NS_ASSERTIONS = NO;
				ENABLE_STRICT_OBJC_MSGSEND = YES;
				GCC_C_LANGUAGE_STANDARD = gnu11;
				GCC_NO_COMMON_BLOCKS = YES;
				GCC_WARN_64_TO_32_BIT_CONVERSION = YES;
				GCC_WARN_ABOUT_RETURN_TYPE = YES_ERROR;
				GCC_WARN_UNDECLARED_SELECTOR = YES;
				GCC_WARN_UNINITIALIZED_AUTOS = YES_AGGRESSIVE;
				GCC_WARN_UNUSED_FUNCTION = YES;
				GCC_WARN_UNUSED_VARIABLE = YES;
				IPHONEOS_DEPLOYMENT_TARGET = 12.2;
				MTL_ENABLE_DEBUG_INFO = NO;
				MTL_FAST_MATH = YES;
				SDKROOT = iphoneos;
				SWIFT_COMPILATION_MODE = wholemodule;
				SWIFT_OPTIMIZATION_LEVEL = "-O";
				VALIDATE_PRODUCT = YES;
				VERSIONING_SYSTEM = "apple-generic";
				VERSION_INFO_PREFIX = "";
			};
			name = Release;
		};
		2940A9402282E6BF00498C3B /* Debug */ = {
			isa = XCBuildConfiguration;
			buildSettings = {
				CLANG_ENABLE_MODULES = YES;
				CODE_SIGN_IDENTITY = "";
				CODE_SIGN_STYLE = Manual;
				DEFINES_MODULE = YES;
				DEVELOPMENT_TEAM = "";
				DYLIB_COMPATIBILITY_VERSION = 1;
				DYLIB_CURRENT_VERSION = 1;
				DYLIB_INSTALL_NAME_BASE = "@rpath";
				INFOPLIST_FILE = SCLayoutKit/Info.plist;
				INSTALL_PATH = "$(LOCAL_LIBRARY_DIR)/Frameworks";
				LD_RUNPATH_SEARCH_PATHS = (
					"$(inherited)",
					"@executable_path/Frameworks",
					"@loader_path/Frameworks",
				);
				PRODUCT_BUNDLE_IDENTIFIER = com.github.SCLayoutKit;
				PRODUCT_NAME = "$(TARGET_NAME:c99extidentifier)";
				PROVISIONING_PROFILE_SPECIFIER = "";
				SKIP_INSTALL = YES;
				SWIFT_OPTIMIZATION_LEVEL = "-Onone";
				SWIFT_VERSION = 5.0;
				TARGETED_DEVICE_FAMILY = "1,2";
			};
			name = Debug;
		};
		2940A9412282E6BF00498C3B /* Release */ = {
			isa = XCBuildConfiguration;
			buildSettings = {
				CLANG_ENABLE_MODULES = YES;
				CODE_SIGN_IDENTITY = "";
				CODE_SIGN_STYLE = Manual;
				DEFINES_MODULE = YES;
				DEVELOPMENT_TEAM = "";
				DYLIB_COMPATIBILITY_VERSION = 1;
				DYLIB_CURRENT_VERSION = 1;
				DYLIB_INSTALL_NAME_BASE = "@rpath";
				INFOPLIST_FILE = SCLayoutKit/Info.plist;
				INSTALL_PATH = "$(LOCAL_LIBRARY_DIR)/Frameworks";
				LD_RUNPATH_SEARCH_PATHS = (
					"$(inherited)",
					"@executable_path/Frameworks",
					"@loader_path/Frameworks",
				);
				PRODUCT_BUNDLE_IDENTIFIER = com.github.SCLayoutKit;
				PRODUCT_NAME = "$(TARGET_NAME:c99extidentifier)";
				PROVISIONING_PROFILE_SPECIFIER = "";
				SKIP_INSTALL = YES;
				SWIFT_VERSION = 5.0;
				TARGETED_DEVICE_FAMILY = "1,2";
			};
			name = Release;
		};
		2940A9432282E6BF00498C3B /* Debug */ = {
			isa = XCBuildConfiguration;
			buildSettings = {
				ALWAYS_EMBED_SWIFT_STANDARD_LIBRARIES = YES;
				CODE_SIGN_STYLE = Manual;
				DEVELOPMENT_TEAM = "";
				INFOPLIST_FILE = SCLayoutKitTests/Info.plist;
				LD_RUNPATH_SEARCH_PATHS = (
					"$(inherited)",
					"@executable_path/Frameworks",
					"@loader_path/Frameworks",
				);
				PRODUCT_BUNDLE_IDENTIFIER = com.github.SCLayoutKitTests;
				PRODUCT_NAME = "$(TARGET_NAME)";
				PROVISIONING_PROFILE_SPECIFIER = "";
				SWIFT_VERSION = 5.0;
				TARGETED_DEVICE_FAMILY = "1,2";
			};
			name = Debug;
		};
		2940A9442282E6BF00498C3B /* Release */ = {
			isa = XCBuildConfiguration;
			buildSettings = {
				ALWAYS_EMBED_SWIFT_STANDARD_LIBRARIES = YES;
				CODE_SIGN_STYLE = Manual;
				DEVELOPMENT_TEAM = "";
				INFOPLIST_FILE = SCLayoutKitTests/Info.plist;
				LD_RUNPATH_SEARCH_PATHS = (
					"$(inherited)",
					"@executable_path/Frameworks",
					"@loader_path/Frameworks",
				);
				PRODUCT_BUNDLE_IDENTIFIER = com.github.SCLayoutKitTests;
				PRODUCT_NAME = "$(TARGET_NAME)";
				PROVISIONING_PROFILE_SPECIFIER = "";
				SWIFT_VERSION = 5.0;
				TARGETED_DEVICE_FAMILY = "1,2";
			};
			name = Release;
		};
/* End XCBuildConfiguration section */

/* Begin XCConfigurationList section */
		2940A9252282E6BF00498C3B /* Build configuration list for PBXProject "SCLayoutKit" */ = {
			isa = XCConfigurationList;
			buildConfigurations = (
				2940A93D2282E6BF00498C3B /* Debug */,
				2940A93E2282E6BF00498C3B /* Release */,
			);
			defaultConfigurationIsVisible = 0;
			defaultConfigurationName = Release;
		};
		2940A93F2282E6BF00498C3B /* Build configuration list for PBXNativeTarget "SCLayoutKit" */ = {
			isa = XCConfigurationList;
			buildConfigurations = (
				2940A9402282E6BF00498C3B /* Debug */,
				2940A9412282E6BF00498C3B /* Release */,
			);
			defaultConfigurationIsVisible = 0;
			defaultConfigurationName = Release;
		};
		2940A9422282E6BF00498C3B /* Build configuration list for PBXNativeTarget "SCLayoutKitTests" */ = {
			isa = XCConfigurationList;
			buildConfigurations = (
				2940A9432282E6BF00498C3B /* Debug */,
				2940A9442282E6BF00498C3B /* Release */,
			);
			defaultConfigurationIsVisible = 0;
			defaultConfigurationName = Release;
		};
/* End XCConfigurationList section */
	};
	rootObject = 2940A9222282E6BF00498C3B /* Project object */;
}
